# THIS IS AN AUTOGENERATED FILE. DO NOT EDIT THIS FILE DIRECTLY.
# yarn lockfile v1


"@types/greasemonkey@^4.0.7":
  version "4.0.7"
  resolved "https://registry.yarnpkg.com/@types/greasemonkey/-/greasemonkey-4.0.7.tgz#2e0e7fd974381a96c37fb29e545544801b794fc2"
  integrity sha512-DuYBRf/T4zixO/xhQ3eicZCBjjOgbSSXuHP5XkLNf/UBayrJpBniP9il/AQaPy0lffl4Bco48zgHL+pZmQ6Q0A==

"@types/jquery@^3.5.29":
  version "3.5.32"
  resolved "https://registry.yarnpkg.com/@types/jquery/-/jquery-3.5.32.tgz#3eb0da20611b92c7c49ebed6163b52a4fdc57def"
  integrity sha512-b9Xbf4CkMqS02YH8zACqN1xzdxc3cO735Qe5AbSUFmyOiaWAbcpqh9Wna+Uk0vgACvoQHpWDg2rGdHkYPLmCiQ==
  dependencies:
    "@types/sizzle" "*"

"@types/sizzle@*":
  version "2.3.9"
  resolved "https://registry.yarnpkg.com/@types/sizzle/-/sizzle-2.3.9.tgz#d4597dbd4618264c414d7429363e3f50acb66ea2"
  integrity sha512-xzLEyKB50yqCUPUJkIsrVvoWNfFUbIZI+RspLWt8u+tIW/BetMBZtgV2LY/2o+tYH8dRvQ+eoPf3NdhQCcLE2w==

typescript@^5.4.4:
  version "5.7.3"
  resolved "https://registry.yarnpkg.com/typescript/-/typescript-5.7.3.tgz#919b44a7dbb8583a9b856d162be24a54bf80073e"
  integrity sha512-84MVSjMEHP+FQRPy3pX9sTVV/INIex71s9TL2Gm5FG/WG1SqXeKyZ0k7/blY/4FdOzI12CBy1vGc4og/eus0fw==
